# THIS IS AN AUTOGENERATED FILE. DO NOT EDIT THIS FILE DIRECTLY.
# yarn lockfile v1


"detect-indent@~6.0.0":
  "integrity" "sha512-oSyFlqaTHCItVRGK5RmrmjB+CmaMOW7IaNA/kdxqhoa6d17j/5ce9O9eWXmV/KEdRwqpQA+Vqe8a8Bsybu4YnA=="
  "resolved" "https://registry.npmjs.org/detect-indent/-/detect-indent-6.0.0.tgz"
  "version" "6.0.0"

"docopt@~0.6.2":
  "integrity" "sha512-NqTbaYeE4gA/wU1hdKFdU+AFahpDOpgGLzHP42k6H6DKExJd0A55KEVWYhL9FEmHmgeLvEU2vuKXDuU+4yToOw=="
  "resolved" "https://registry.npmjs.org/docopt/-/docopt-0.6.2.tgz"
  "version" "0.6.2"

"dot-json@^1.2.2":
  "integrity" "sha512-AKL+GsO4wSEU4LU+fAk/PqN4nQ6PB1vT3HpMiZous9xCzK5S0kh4DzfUY0EfU67jsIXLlu0ty71659N9Nmg+Tw=="
  "resolved" "https://registry.npmjs.org/dot-json/-/dot-json-1.2.2.tgz"
  "version" "1.2.2"
  dependencies:
    "detect-indent" "~6.0.0"
    "docopt" "~0.6.2"
    "underscore-keypath" "~0.0.22"

"lodash.clonedeep@^4.5.0":
  "integrity" "sha512-H5ZhCF25riFd9uB5UCkVKo61m3S/xZk1x4wA6yp/L3RFP6Z/eHH1ymQcGLo7J3GMPfm0V/7m1tryHuGVxpqEBQ=="
  "resolved" "https://registry.npmjs.org/lodash.clonedeep/-/lodash.clonedeep-4.5.0.tgz"
  "version" "4.5.0"

"underscore-keypath@~0.0.22":
  "integrity" "sha512-fU7aYj1J2LQd+jqdQ67AlCOZKK3Pl+VErS8fGYcgZG75XB9/bY+RLM+F2xEcKHhHNtLvqqFyXAoZQlLYfec3Xg=="
  "resolved" "https://registry.npmjs.org/underscore-keypath/-/underscore-keypath-0.0.22.tgz"
  "version" "0.0.22"
  dependencies:
    "underscore" "*"

"underscore@*":
  "integrity" "sha512-BQFnUDuAQ4Yf/cYY5LNrK9NCJFKriaRbD9uR1fTeXnBeoa97W0i41qkZfGO9pSo8I5KzjAcSY2XYtdf0oKd7KQ=="
  "resolved" "https://registry.npmjs.org/underscore/-/underscore-1.13.4.tgz"
  "version" "1.13.4"

"user-agents@^1.0.1146":
  "integrity" "sha512-yzTAdRgMPdty9i323pc+n+4jiUEpuAYJnm36wMusmX7yfWFXILsA23Iy4OfBUSu98UQVgxrqrCQolDPBx6Kyag=="
  "resolved" "https://registry.npmjs.org/user-agents/-/user-agents-1.0.1146.tgz"
  "version" "1.0.1146"
  dependencies:
    "dot-json" "^1.2.2"
    "lodash.clonedeep" "^4.5.0"
